{
  "name": "PortfolioModelling - Copy",
  "lockfileVersion": 2,
  "requires": true,
  "packages": {
    "": {
      "dependencies": {
        "simplelightbox": "^2.12.1"
      }
    },
    "node_modules/simplelightbox": {
      "version": "2.12.1",
      "resolved": "https://registry.npmjs.org/simplelightbox/-/simplelightbox-2.12.1.tgz",
      "integrity": "sha512-eakBM55H6xc6j79tj1Mo82J2GeUyujyOMW26s+Z7HGNMwsXBxA+oQJ0q7w3L9joKAtmceLWZUrnZnQBm4PnfCA=="
    }
  },
  "dependencies": {
    "simplelightbox": {
      "version": "2.12.1",
      "resolved": "https://registry.npmjs.org/simplelightbox/-/simplelightbox-2.12.1.tgz",
      "integrity": "sha512-eakBM55H6xc6j79tj1Mo82J2GeUyujyOMW26s+Z7HGNMwsXBxA+oQJ0q7w3L9joKAtmceLWZUrnZnQBm4PnfCA=="
    }
  }
}
